
Microsoft Visual Studio Solution File, Format Version 12.00
# Visual Studio 2012
Project("{FAE04EC0-301F-11D3-BF4B-00C04F79EFBC}") = "DemoManufacturing", "DemoManufacturing\DemoManufacturing.csproj", "{EAA41138-E20B-4B3D-8318-DCE572B5467D}"
EndProject
Project("{930C7802-8A8C-48F9-8165-68863BCCD9DD}") = "EnterpriseAppSetup", "EnterpriseAppSetup\EnterpriseAppSetup.wixproj", "{1B534A4F-7A76-4306-B878-889BC3B80E94}"
EndProject
Project("{FAE04EC0-301F-11D3-BF4B-00C04F79EFBC}") = "Encryptor", "Encryptor\Encryptor.csproj", "{9CC7776B-E079-4682-A7B5-B45FDE583785}"
EndProject
Global
	GlobalSection(SolutionConfigurationPlatforms) = preSolution
		Debug|Any CPU = Debug|Any CPU
		Debug|Mixed Platforms = Debug|Mixed Platforms
		Debug|x64 = Debug|x64
		Debug|x86 = Debug|x86
		Release|Any CPU = Release|Any CPU
		Release|Mixed Platforms = Release|Mixed Platforms
		Release|x64 = Release|x64
		Release|x86 = Release|x86
	EndGlobalSection
	GlobalSection(ProjectConfigurationPlatforms) = postSolution
		{EAA41138-E20B-4B3D-8318-DCE572B5467D}.Debug|Any CPU.ActiveCfg = Debug|Any CPU
		{EAA41138-E20B-4B3D-8318-DCE572B5467D}.Debug|Any CPU.Build.0 = Debug|Any CPU
		{EAA41138-E20B-4B3D-8318-DCE572B5467D}.Debug|Mixed Platforms.ActiveCfg = Debug|x86
		{EAA41138-E20B-4B3D-8318-DCE572B5467D}.Debug|Mixed Platforms.Build.0 = Debug|x86
		{EAA41138-E20B-4B3D-8318-DCE572B5467D}.Debug|x64.ActiveCfg = Debug|x64
		{EAA41138-E20B-4B3D-8318-DCE572B5467D}.Debug|x64.Build.0 = Debug|x64
		{EAA41138-E20B-4B3D-8318-DCE572B5467D}.Debug|x86.ActiveCfg = Debug|x86
		{EAA41138-E20B-4B3D-8318-DCE572B5467D}.Debug|x86.Build.0 = Debug|x86
		{EAA41138-E20B-4B3D-8318-DCE572B5467D}.Debug|x86.Deploy.0 = Debug|x86
		{EAA41138-E20B-4B3D-8318-DCE572B5467D}.Release|Any CPU.ActiveCfg = Release|Any CPU
		{EAA41138-E20B-4B3D-8318-DCE572B5467D}.Release|Any CPU.Build.0 = Release|Any CPU
		{EAA41138-E20B-4B3D-8318-DCE572B5467D}.Release|Mixed Platforms.ActiveCfg = Release|x86
		{EAA41138-E20B-4B3D-8318-DCE572B5467D}.Release|Mixed Platforms.Build.0 = Release|x86
		{EAA41138-E20B-4B3D-8318-DCE572B5467D}.Release|x64.ActiveCfg = Release|x64
		{EAA41138-E20B-4B3D-8318-DCE572B5467D}.Release|x64.Build.0 = Release|x64
		{EAA41138-E20B-4B3D-8318-DCE572B5467D}.Release|x86.ActiveCfg = Release|x86
		{EAA41138-E20B-4B3D-8318-DCE572B5467D}.Release|x86.Build.0 = Release|x86
		{1B534A4F-7A76-4306-B878-889BC3B80E94}.Debug|Any CPU.ActiveCfg = Debug|x86
		{1B534A4F-7A76-4306-B878-889BC3B80E94}.Debug|Mixed Platforms.ActiveCfg = Debug|x86
		{1B534A4F-7A76-4306-B878-889BC3B80E94}.Debug|Mixed Platforms.Build.0 = Debug|x86
		{1B534A4F-7A76-4306-B878-889BC3B80E94}.Debug|x64.ActiveCfg = Debug|x86
		{1B534A4F-7A76-4306-B878-889BC3B80E94}.Debug|x86.ActiveCfg = Debug|x86
		{1B534A4F-7A76-4306-B878-889BC3B80E94}.Debug|x86.Build.0 = Debug|x86
		{1B534A4F-7A76-4306-B878-889BC3B80E94}.Release|Any CPU.ActiveCfg = Release|x86
		{1B534A4F-7A76-4306-B878-889BC3B80E94}.Release|Mixed Platforms.ActiveCfg = Release|x86
		{1B534A4F-7A76-4306-B878-889BC3B80E94}.Release|Mixed Platforms.Build.0 = Release|x86
		{1B534A4F-7A76-4306-B878-889BC3B80E94}.Release|x64.ActiveCfg = Release|x86
		{1B534A4F-7A76-4306-B878-889BC3B80E94}.Release|x86.ActiveCfg = Release|x86
		{1B534A4F-7A76-4306-B878-889BC3B80E94}.Release|x86.Build.0 = Release|x86
		{9CC7776B-E079-4682-A7B5-B45FDE583785}.Debug|Any CPU.ActiveCfg = Debug|Any CPU
		{9CC7776B-E079-4682-A7B5-B45FDE583785}.Debug|Any CPU.Build.0 = Debug|Any CPU
		{9CC7776B-E079-4682-A7B5-B45FDE583785}.Debug|Mixed Platforms.ActiveCfg = Debug|Any CPU
		{9CC7776B-E079-4682-A7B5-B45FDE583785}.Debug|Mixed Platforms.Build.0 = Debug|Any CPU
		{9CC7776B-E079-4682-A7B5-B45FDE583785}.Debug|x64.ActiveCfg = Debug|Any CPU
		{9CC7776B-E079-4682-A7B5-B45FDE583785}.Debug|x86.ActiveCfg = Debug|Any CPU
		{9CC7776B-E079-4682-A7B5-B45FDE583785}.Release|Any CPU.ActiveCfg = Release|Any CPU
		{9CC7776B-E079-4682-A7B5-B45FDE583785}.Release|Any CPU.Build.0 = Release|Any CPU
		{9CC7776B-E079-4682-A7B5-B45FDE583785}.Release|Mixed Platforms.ActiveCfg = Release|Any CPU
		{9CC7776B-E079-4682-A7B5-B45FDE583785}.Release|Mixed Platforms.Build.0 = Release|Any CPU
		{9CC7776B-E079-4682-A7B5-B45FDE583785}.Release|x64.ActiveCfg = Release|Any CPU
		{9CC7776B-E079-4682-A7B5-B45FDE583785}.Release|x86.ActiveCfg = Release|Any CPU
	EndGlobalSection
	GlobalSection(SolutionProperties) = preSolution
		HideSolutionNode = FALSE
	EndGlobalSection
EndGlobal
